lockfileVersion: 5.3

specifiers:
  '@rollup/plugin-alias': ^3.1.9
  '@rollup/plugin-node-resolve': ^13.1.3
  chalk: ^2.4.2
  dirname-filename-esm: ^1.1.1
  fs-extra: ^10.0.1
  lodash-es: ^4.17.21
  marionext-dom: link:packages\marionext-dom
  marionext-lodash: link:packages\marionext-lodash
  marionext-vdom: link:packages\marionext-vdom
  pretty-hrtime: ^1.0.3
  rollup: ^2.70.1
  rollup-plugin-ts: ^2.0.5
  snabbdom: ^3.4.0
  snabbdom-to-html: ^7.0.0
  typescript: ^4.6.3
  utility-types: ^3.10.0

dependencies:
  snabbdom: 3.4.0

devDependencies:
  '@rollup/plugin-alias': 3.1.9_rollup@2.70.1
  '@rollup/plugin-node-resolve': 13.1.3_rollup@2.70.1
  chalk: 2.4.2
  dirname-filename-esm: 1.1.1
  fs-extra: 10.0.1
  lodash-es: 4.17.21
  marionext-dom: link:packages/marionext-dom
  marionext-lodash: link:packages/marionext-lodash
  marionext-vdom: link:packages/marionext-vdom
  pretty-hrtime: 1.0.3
  rollup: 2.70.1
  rollup-plugin-ts: 2.0.5_rollup@2.70.1+typescript@4.6.3
  snabbdom-to-html: 7.0.0
  typescript: 4.6.3
  utility-types: 3.10.0

packages:

  /@mdn/browser-compat-data/4.1.15:
    resolution: {integrity: sha512-OZx2PxHtJDc9NOHGR3T0ZtX1WYl5qH/xmiH3sKSmcd3o+vPMG1kVUYbZrMxH3fVKpkkkrQpwETCIDRXcMXAWTw==}
    dev: true

  /@rollup/plugin-alias/3.1.9_rollup@2.70.1:
    resolution: {integrity: sha512-QI5fsEvm9bDzt32k39wpOwZhVzRcL5ydcffUHMyLVaVaLeC70I8TJZ17F1z1eMoLu4E/UOcH9BWVkKpIKdrfiw==}
    engines: {node: '>=8.0.0'}
    peerDependencies:
      rollup: ^1.20.0||^2.0.0
    dependencies:
      rollup: 2.70.1
      slash: 3.0.0
    dev: true

  /@rollup/plugin-node-resolve/13.1.3_rollup@2.70.1:
    resolution: {integrity: sha512-BdxNk+LtmElRo5d06MGY4zoepyrXX1tkzX2hrnPEZ53k78GuOMWLqmJDGIIOPwVRIFZrLQOo+Yr6KtCuLIA0AQ==}
    engines: {node: '>= 10.0.0'}
    peerDependencies:
      rollup: ^2.42.0
    dependencies:
      '@rollup/pluginutils': 3.1.0_rollup@2.70.1
      '@types/resolve': 1.17.1
      builtin-modules: 3.2.0
      deepmerge: 4.2.2
      is-module: 1.0.0
      resolve: 1.22.0
      rollup: 2.70.1
    dev: true

  /@rollup/pluginutils/3.1.0_rollup@2.70.1:
    resolution: {integrity: sha512-GksZ6pr6TpIjHm8h9lSQ8pi8BE9VeubNT0OMJ3B5uZJ8pz73NPiqOtCog/x2/QzM1ENChPKxMDhiQuRHsqc+lg==}
    engines: {node: '>= 8.0.0'}
    peerDependencies:
      rollup: ^1.20.0||^2.0.0
    dependencies:
      '@types/estree': 0.0.39
      estree-walker: 1.0.1
      picomatch: 2.3.1
      rollup: 2.70.1
    dev: true

  /@rollup/pluginutils/4.2.0:
    resolution: {integrity: sha512-2WUyJNRkyH5p487pGnn4tWAsxhEFKN/pT8CMgHshd5H+IXkOnKvKZwsz5ZWz+YCXkleZRAU5kwbfgF8CPfDRqA==}
    engines: {node: '>= 8.0.0'}
    dependencies:
      estree-walker: 2.0.2
      picomatch: 2.3.1
    dev: true

  /@types/estree/0.0.39:
    resolution: {integrity: sha512-EYNwp3bU+98cpU4lAWYYL7Zz+2gryWH1qbdDTidVd6hkiR6weksdbMadyXKXNPEkQFhXM+hVO9ZygomHXp+AIw==}
    dev: true

  /@types/node/16.11.26:
    resolution: {integrity: sha512-GZ7bu5A6+4DtG7q9GsoHXy3ALcgeIHP4NnL0Vv2wu0uUB/yQex26v0tf6/na1mm0+bS9Uw+0DFex7aaKr2qawQ==}
    dev: true

  /@types/node/17.0.23:
    resolution: {integrity: sha512-UxDxWn7dl97rKVeVS61vErvw086aCYhDLyvRQZ5Rk65rZKepaFdm53GeqXaKBuOhED4e9uWq34IC3TdSdJJ2Gw==}
    dev: true

  /@types/object-path/0.11.1:
    resolution: {integrity: sha512-219LSCO9HPcoXcRTC6DbCs0FRhZgBnEMzf16RRqkT40WbkKx3mOeQuz3e2XqbfhOz/AHfbru0kzB1n1RCAsIIg==}
    dev: true

  /@types/resolve/1.17.1:
    resolution: {integrity: sha512-yy7HuzQhj0dhGpD8RLXSZWEkLsV9ibvxvi6EiJ3bkqLAO1RGo0WbkWQiwpRlSFymTJRz0d3k5LM3kkx8ArDbLw==}
    dependencies:
      '@types/node': 17.0.23
    dev: true

  /@types/semver/7.3.9:
    resolution: {integrity: sha512-L/TMpyURfBkf+o/526Zb6kd/tchUP3iBDEPjqjb+U2MAJhVRxxrmr2fwpe08E7QsV7YLcpq0tUaQ9O9x97ZIxQ==}
    dev: true

  /@types/ua-parser-js/0.7.36:
    resolution: {integrity: sha512-N1rW+njavs70y2cApeIw1vLMYXRwfBy+7trgavGuuTfOd7j1Yh7QTRc/yqsPl6ncokt72ZXuxEU0PiCp9bSwNQ==}
    dev: true

  /@wessberg/stringutil/1.0.19:
    resolution: {integrity: sha512-9AZHVXWlpN8Cn9k5BC/O0Dzb9E9xfEMXzYrNunwvkUTvuK7xgQPVRZpLo+jWCOZ5r8oBa8NIrHuPEu1hzbb6bg==}
    engines: {node: '>=8.0.0'}
    dev: true

  /ansi-styles/3.2.1:
    resolution: {integrity: sha512-VT0ZI6kZRdTh8YyJw3SMbYm/u+NqfsAxEpWO0Pf9sq8/e94WxxOpPKx9FR1FlyCtOVDNOQ+8ntlqFxiRc+r5qA==}
    engines: {node: '>=4'}
    dependencies:
      color-convert: 1.9.3
    dev: true

  /ansi-styles/4.3.0:
    resolution: {integrity: sha512-zbB9rCJAT1rbjiVDb2hqKFHNYLxgtk8NURxZ3IZwD3F6NtxbXZQCnnSi1Lkx+IDohdPlFp222wVALIheZJQSEg==}
    engines: {node: '>=8'}
    dependencies:
      color-convert: 2.0.1
    dev: true

  /browser-split/0.0.1:
    resolution: {integrity: sha1-ewl1dPjj6tYG+0Zk5krf3aKYGpM=}
    dev: true

  /browserslist-generator/1.0.65:
    resolution: {integrity: sha512-2+p27BTZ0T6fGAn57IZOoGRTDqIhaHVPHWTg5ZejMA/SKaQG1ChvfOnb9sxqRwLMUGtrUXbX0QQA7H1s6oQh0A==}
    engines: {node: '>=8.0.0'}
    dependencies:
      '@mdn/browser-compat-data': 4.1.15
      '@types/object-path': 0.11.1
      '@types/semver': 7.3.9
      '@types/ua-parser-js': 0.7.36
      browserslist: 4.18.1
      caniuse-lite: 1.0.30001325
      isbot: 3.3.4
      object-path: 0.11.8
      semver: 7.3.6
      ua-parser-js: 1.0.2
    dev: true

  /browserslist/4.18.1:
    resolution: {integrity: sha512-8ScCzdpPwR2wQh8IT82CA2VgDwjHyqMovPBZSNH54+tm4Jk2pCuv90gmAdH6J84OCRWi0b4gMe6O6XPXuJnjgQ==}
    engines: {node: ^6 || ^7 || ^8 || ^9 || ^10 || ^11 || ^12 || >=13.7}
    hasBin: true
    dependencies:
      caniuse-lite: 1.0.30001325
      electron-to-chromium: 1.4.106
      escalade: 3.1.1
      node-releases: 2.0.2
      picocolors: 1.0.0
    dev: true

  /browserslist/4.20.2:
    resolution: {integrity: sha512-CQOBCqp/9pDvDbx3xfMi+86pr4KXIf2FDkTTdeuYw8OxS9t898LA1Khq57gtufFILXpfgsSx5woNgsBgvGjpsA==}
    engines: {node: ^6 || ^7 || ^8 || ^9 || ^10 || ^11 || ^12 || >=13.7}
    hasBin: true
    dependencies:
      caniuse-lite: 1.0.30001325
      electron-to-chromium: 1.4.106
      escalade: 3.1.1
      node-releases: 2.0.2
      picocolors: 1.0.0
    dev: true

  /builtin-modules/3.2.0:
    resolution: {integrity: sha512-lGzLKcioL90C7wMczpkY0n/oART3MbBa8R9OFGE1rJxoVI86u4WAGfEk8Wjv10eKSyTHVGkSo3bvBylCEtk7LA==}
    engines: {node: '>=6'}
    dev: true

  /caniuse-lite/1.0.30001325:
    resolution: {integrity: sha512-sB1bZHjseSjDtijV1Hb7PB2Zd58Kyx+n/9EotvZ4Qcz2K3d0lWB8dB4nb8wN/TsOGFq3UuAm0zQZNQ4SoR7TrQ==}
    dev: true

  /chalk/2.4.2:
    resolution: {integrity: sha512-Mti+f9lpJNcwF4tWV8/OrTTtF1gZi+f8FqlyAdouralcFWFQWF2+NgCHShjkCb+IFBLq9buZwE1xckQU4peSuQ==}
    engines: {node: '>=4'}
    dependencies:
      ansi-styles: 3.2.1
      escape-string-regexp: 1.0.5
      supports-color: 5.5.0
    dev: true

  /chalk/4.1.2:
    resolution: {integrity: sha512-oKnbhFyRIXpUuez8iBMmyEa4nbj4IOQyuhc/wy9kY7/WVPcwIO9VA668Pu8RkO7+0G76SLROeyw9CpQ061i4mA==}
    engines: {node: '>=10'}
    dependencies:
      ansi-styles: 4.3.0
      supports-color: 7.2.0
    dev: true

  /color-convert/1.9.3:
    resolution: {integrity: sha512-QfAUtd+vFdAtFQcC8CCyYt1fYWxSqAiK2cSD6zDB8N3cpsEBAvRxp9zOGg6G/SHHJYAT88/az/IuDGALsNVbGg==}
    dependencies:
      color-name: 1.1.3
    dev: true

  /color-convert/2.0.1:
    resolution: {integrity: sha512-RRECPsj7iu/xb5oKYcsFHSppFNnsj/52OVTRKb4zP5onXwVF3zVmmToNcOfGC+CRDpfK/U584fMg38ZHCaElKQ==}
    engines: {node: '>=7.0.0'}
    dependencies:
      color-name: 1.1.4
    dev: true

  /color-name/1.1.3:
    resolution: {integrity: sha1-p9BVi9icQveV3UIyj3QIMcpTvCU=}
    dev: true

  /color-name/1.1.4:
    resolution: {integrity: sha512-dOy+3AuW3a2wNbZHIuMZpTcgjGuLU/uBL/ubcZF9OXbDo8ff4O8yVp5Bf0efS8uEoYo5q4Fx7dY9OgQGXgAsQA==}
    dev: true

  /compatfactory/0.0.12_typescript@4.6.3:
    resolution: {integrity: sha512-DD5S1s2mIoVIpYfhCqNZPbOFlt9JDLkXc4d8fAZaeWWIsl7w3bmVS0HNlUkU2SB6iZOdXOjYZgeJZClmL1xnRg==}
    engines: {node: '>=10.0.0'}
    peerDependencies:
      typescript: '>=3.x || >= 4.x'
    dependencies:
      helpertypes: 0.0.17
      typescript: 4.6.3
    dev: true

  /crosspath/1.0.0:
    resolution: {integrity: sha512-mpjkSErNO6vioL/Cde2aF4UBysPFEMyn+1AN1t7Oc4yqvzSRWe8iBte4P8BHyjo64OmC+ZBxwjIqmpSpIWiQ7Q==}
    engines: {node: '>=10.0.0'}
    dependencies:
      '@types/node': 16.11.26
    dev: true

  /deepmerge/4.2.2:
    resolution: {integrity: sha512-FJ3UgI4gIl+PHZm53knsuSFpE+nESMr7M4v9QcgB7S63Kj/6WqMiFQJpBBYz1Pt+66bZpP3Q7Lye0Oo9MPKEdg==}
    engines: {node: '>=0.10.0'}
    dev: true

  /dirname-filename-esm/1.1.1:
    resolution: {integrity: sha512-BWBkv157Cf/z7Hjod2v2JS7vyC36Dk1QQolAtuLjpl8RBlv7Z92X7+Ufc2cjfR/B3iJUiK0QmGZkgtsmmLz0Tw==}
    dev: true

  /electron-to-chromium/1.4.106:
    resolution: {integrity: sha512-ZYfpVLULm67K7CaaGP7DmjyeMY4naxsbTy+syVVxT6QHI1Ww8XbJjmr9fDckrhq44WzCrcC5kH3zGpdusxwwqg==}
    dev: true

  /escalade/3.1.1:
    resolution: {integrity: sha512-k0er2gUkLf8O0zKJiAhmkTnJlTvINGv7ygDNPbeIsX/TJjGJZHuh9B2UxbsaEkmlEo9MfhrSzmhIlhRlI2GXnw==}
    engines: {node: '>=6'}
    dev: true

  /escape-string-regexp/1.0.5:
    resolution: {integrity: sha1-G2HAViGQqN/2rjuyzwIAyhMLhtQ=}
    engines: {node: '>=0.8.0'}
    dev: true

  /estree-walker/1.0.1:
    resolution: {integrity: sha512-1fMXF3YP4pZZVozF8j/ZLfvnR8NSIljt56UhbZ5PeeDmmGHpgpdwQt7ITlGvYaQukCvuBRMLEiKiYC+oeIg4cg==}
    dev: true

  /estree-walker/2.0.2:
    resolution: {integrity: sha512-Rfkk/Mp/DL7JVje3u18FxFujQlTNR2q6QfMSMB7AvCBx91NGj/ba3kCfza0f6dVDbw7YlRf/nDrn7pQrCCyQ/w==}
    dev: true

  /fs-extra/10.0.1:
    resolution: {integrity: sha512-NbdoVMZso2Lsrn/QwLXOy6rm0ufY2zEOKCDzJR/0kBsb0E6qed0P3iYK+Ath3BfvXEeu4JhEtXLgILx5psUfag==}
    engines: {node: '>=12'}
    dependencies:
      graceful-fs: 4.2.10
      jsonfile: 6.1.0
      universalify: 2.0.0
    dev: true

  /fsevents/2.3.2:
    resolution: {integrity: sha512-xiqMQR4xAeHTuB9uWm+fFRcIOgKBMiOBP+eXiyT7jsgVCq1bkVygt00oASowB7EdtpOHaaPgKt812P9ab+DDKA==}
    engines: {node: ^8.16.0 || ^10.6.0 || >=11.0.0}
    os: [darwin]
    requiresBuild: true
    dev: true
    optional: true

  /function-bind/1.1.1:
    resolution: {integrity: sha512-yIovAzMX49sF8Yl58fSCWJ5svSLuaibPxXQJFLmBObTuCr0Mf1KiPopGM9NiFjiYBCbfaa2Fh6breQ6ANVTI0A==}
    dev: true

  /graceful-fs/4.2.10:
    resolution: {integrity: sha512-9ByhssR2fPVsNZj478qUUbKfmL0+t5BDVyjShtyZZLiK7ZDAArFFfopyOTj0M05wE2tJPisA4iTnnXl2YoPvOA==}
    dev: true

  /has-flag/3.0.0:
    resolution: {integrity: sha1-tdRU3CGZriJWmfNGfloH87lVuv0=}
    engines: {node: '>=4'}
    dev: true

  /has-flag/4.0.0:
    resolution: {integrity: sha512-EykJT/Q1KjTWctppgIAgfSO0tKVuZUjhgMr17kqTumMl6Afv3EISleU7qZUzoXDFTAHTDC4NOoG/ZxU3EvlMPQ==}
    engines: {node: '>=8'}
    dev: true

  /has/1.0.3:
    resolution: {integrity: sha512-f2dvO0VU6Oej7RkWJGrehjbzMAjFp5/VKPp5tTpWIV4JHHZK1/BxbFRtf/siA2SWTe09caDmVtYYzWEIbBS4zw==}
    engines: {node: '>= 0.4.0'}
    dependencies:
      function-bind: 1.1.1
    dev: true

  /helpertypes/0.0.17:
    resolution: {integrity: sha512-muWKRSBsqN3MzqLdh82QfV7vWWwAYvHh3On87z898X+xZ5H2tPRQ5Y6hHA3BXSE+TueztA07iw5bInjwAT3x8A==}
    engines: {node: '>=10.0.0'}
    dev: true

  /is-core-module/2.8.1:
    resolution: {integrity: sha512-SdNCUs284hr40hFTFP6l0IfZ/RSrMXF3qgoRHd3/79unUTvrFO/JoXwkGm+5J/Oe3E/b5GsnG330uUNgRpu1PA==}
    dependencies:
      has: 1.0.3
    dev: true

  /is-module/1.0.0:
    resolution: {integrity: sha1-Mlj7afeMFNW4FdZkM2tM/7ZEFZE=}
    dev: true

  /isbot/3.3.4:
    resolution: {integrity: sha512-a6o/e6nBMoRGvoovg5NT2r/N7S4398yCDXc6HgEOILdBAjYv05SX1MBhgc8SHnEJdRyLfOpAPqc10ezLWkj7rQ==}
    engines: {node: '>=12'}
    dev: true

  /jsonfile/6.1.0:
    resolution: {integrity: sha512-5dgndWOriYSm5cnYaJNhalLNDKOqFwyDB/rr1E9ZsGciGvKPs8R2xYGCacuf3z6K1YKDz182fd+fY3cn3pMqXQ==}
    dependencies:
      universalify: 2.0.0
    optionalDependencies:
      graceful-fs: 4.2.10
    dev: true

  /lodash-es/4.17.21:
    resolution: {integrity: sha512-mKnC+QJ9pWVzv+C4/U3rRsHapFfHvQFoFB92e52xeyGMcX6/OlIl78je1u8vePzYZSkkogMPJ2yjxxsb89cxyw==}
    dev: true

  /lodash.escape/4.0.1:
    resolution: {integrity: sha1-yQRGkMIeBClL6qUXcS/e0fqI3pg=}
    dev: true

  /lodash.forown/4.4.0:
    resolution: {integrity: sha1-hRFc8E9z75ZuztUlEdOJPMRmg68=}
    dev: true

  /lodash.kebabcase/4.1.1:
    resolution: {integrity: sha1-hImxyw0p/4gZXM7KRI/21swpXDY=}
    dev: true

  /lodash.remove/4.7.0:
    resolution: {integrity: sha1-8x0x58OaBpDVB07A02JxYjNO5iY=}
    dev: true

  /lodash.uniq/4.5.0:
    resolution: {integrity: sha1-0CJTc662Uq3BvILklFM5qEJ1R3M=}
    dev: true

  /lru-cache/7.7.3:
    resolution: {integrity: sha512-WY9wjJNQt9+PZilnLbuFKM+SwDull9+6IAguOrarOMoOHTcJ9GnXSO11+Gw6c7xtDkBkthR57OZMtZKYr+1CEw==}
    engines: {node: '>=12'}
    dev: true

  /magic-string/0.25.9:
    resolution: {integrity: sha512-RmF0AsMzgt25qzqqLc1+MbHmhdx0ojF2Fvs4XnOqz2ZOBXzzkEwc/dJQZCYHAn7v1jbVOjAZfK8msRn4BxO4VQ==}
    dependencies:
      sourcemap-codec: 1.4.8
    dev: true

  /node-releases/2.0.2:
    resolution: {integrity: sha512-XxYDdcQ6eKqp/YjI+tb2C5WM2LgjnZrfYg4vgQt49EK268b6gYCHsBLrK2qvJo4FmCtqmKezb0WZFK4fkrZNsg==}
    dev: true

  /object-assign/4.1.1:
    resolution: {integrity: sha1-IQmtx5ZYh8/AXLvUQsrIv7s2CGM=}
    engines: {node: '>=0.10.0'}
    dev: true

  /object-path/0.11.8:
    resolution: {integrity: sha512-YJjNZrlXJFM42wTBn6zgOJVar9KFJvzx6sTWDte8sWZF//cnjl0BxHNpfZx+ZffXX63A9q0b1zsFiBX4g4X5KA==}
    engines: {node: '>= 10.12.0'}
    dev: true

  /parse-sel/1.0.0:
    resolution: {integrity: sha1-uTANK7lGoGwiyY4gjkeyCIaQy90=}
    dependencies:
      browser-split: 0.0.1
    dev: true

  /path-parse/1.0.7:
    resolution: {integrity: sha512-LDJzPVEEEPR+y48z93A0Ed0yXb8pAByGWo/k5YYdYgpY2/2EsOsksJrq7lOHxryrVOn1ejG6oAp8ahvOIQD8sw==}
    dev: true

  /picocolors/1.0.0:
    resolution: {integrity: sha512-1fygroTLlHu66zi26VoTDv8yRgm0Fccecssto+MhsZ0D/DGW2sm8E8AjW7NU5VVTRt5GxbeZ5qBuJr+HyLYkjQ==}
    dev: true

  /picomatch/2.3.1:
    resolution: {integrity: sha512-JU3teHTNjmE2VCGFzuY8EXzCDVwEqB2a8fsIvwaStHhAWJEeVd1o1QD80CU6+ZdEXXSLbSsuLwJjkCBWqRQUVA==}
    engines: {node: '>=8.6'}
    dev: true

  /pretty-hrtime/1.0.3:
    resolution: {integrity: sha1-t+PqQkNaTJsnWdmeDyAesZWALuE=}
    engines: {node: '>= 0.8'}
    dev: true

  /resolve/1.22.0:
    resolution: {integrity: sha512-Hhtrw0nLeSrFQ7phPp4OOcVjLPIeMnRlr5mcnVuMe7M/7eBn98A3hmFRLoFo3DLZkivSYwhRUJTyPyWAk56WLw==}
    hasBin: true
    dependencies:
      is-core-module: 2.8.1
      path-parse: 1.0.7
      supports-preserve-symlinks-flag: 1.0.0
    dev: true

  /rollup-plugin-ts/2.0.5_rollup@2.70.1+typescript@4.6.3:
    resolution: {integrity: sha512-yLfu46XsheAEDs+OxCMnHszble9pYwGYDML82lpMw3x/65kgwd9UQSkPX0HZGk+6L+MN8hFgqeh+SPmv+uOz1w==}
    engines: {node: '>=10.0.0', npm: '>=7.0.0', pnpm: '>=3.2.0', yarn: '>=1.13'}
    peerDependencies:
      '@babel/core': '>=6.x || >=7.x'
      '@babel/plugin-transform-runtime': '>=6.x || >=7.x'
      '@babel/preset-env': '>=6.x || >=7.x'
      '@babel/runtime': '>=6.x || >=7.x'
      '@swc/core': '>=1.x'
      '@swc/helpers': '>=0.2'
      rollup: '>=1.x || >=2.x'
      typescript: '>=3.2.x || >= 4.x'
    peerDependenciesMeta:
      '@babel/core':
        optional: true
      '@babel/plugin-transform-runtime':
        optional: true
      '@babel/preset-env':
        optional: true
      '@babel/runtime':
        optional: true
      '@swc/core':
        optional: true
      '@swc/helpers':
        optional: true
    dependencies:
      '@rollup/pluginutils': 4.2.0
      '@wessberg/stringutil': 1.0.19
      browserslist: 4.20.2
      browserslist-generator: 1.0.65
      chalk: 4.1.2
      compatfactory: 0.0.12_typescript@4.6.3
      crosspath: 1.0.0
      magic-string: 0.25.9
      rollup: 2.70.1
      ts-clone-node: 0.3.30_typescript@4.6.3
      tslib: 2.3.1
      typescript: 4.6.3
    dev: true

  /rollup/2.70.1:
    resolution: {integrity: sha512-CRYsI5EuzLbXdxC6RnYhOuRdtz4bhejPMSWjsFLfVM/7w/85n2szZv6yExqUXsBdz5KT8eoubeyDUDjhLHEslA==}
    engines: {node: '>=10.0.0'}
    hasBin: true
    optionalDependencies:
      fsevents: 2.3.2
    dev: true

  /semver/7.3.6:
    resolution: {integrity: sha512-HZWqcgwLsjaX1HBD31msI/rXktuIhS+lWvdE4kN9z+8IVT4Itc7vqU2WvYsyD6/sjYCt4dEKH/m1M3dwI9CC5w==}
    engines: {node: ^10.0.0 || ^12.0.0 || ^14.0.0 || >=16.0.0}
    hasBin: true
    dependencies:
      lru-cache: 7.7.3
    dev: true

  /slash/3.0.0:
    resolution: {integrity: sha512-g9Q1haeby36OSStwb4ntCGGGaKsaVSjQ68fBxoQcutl5fS1vuY18H3wSt3jFyFtrkx+Kz0V1G85A4MyAdDMi2Q==}
    engines: {node: '>=8'}
    dev: true

  /snabbdom-to-html/7.0.0:
    resolution: {integrity: sha512-TNydGmPhYscvAuVZN/og9tg0iKLFobn+c7O2D0V8BjKqRrSaLZFaRWkbzq+V7PYOPURwVKorOuZ2QXwoal/HqA==}
    dependencies:
      lodash.escape: 4.0.1
      lodash.forown: 4.4.0
      lodash.kebabcase: 4.1.1
      lodash.remove: 4.7.0
      lodash.uniq: 4.5.0
      object-assign: 4.1.1
      parse-sel: 1.0.0
    dev: true

  /snabbdom/3.4.0:
    resolution: {integrity: sha512-Sr5H1l5QxJa0B/68ZtpWi7MuGIzLWS2Up64QqXe/wzvWOjXvM9rL7+C8GhMmDVtJ7dFWypvyWJHR3nmeZN8YIQ==}
    engines: {node: '>=8.3.0'}
    dev: false

  /sourcemap-codec/1.4.8:
    resolution: {integrity: sha512-9NykojV5Uih4lgo5So5dtw+f0JgJX30KCNI8gwhz2J9A15wD0Ml6tjHKwf6fTSa6fAdVBdZeNOs9eJ71qCk8vA==}
    dev: true

  /supports-color/5.5.0:
    resolution: {integrity: sha512-QjVjwdXIt408MIiAqCX4oUKsgU2EqAGzs2Ppkm4aQYbjm+ZEWEcW4SfFNTr4uMNZma0ey4f5lgLrkB0aX0QMow==}
    engines: {node: '>=4'}
    dependencies:
      has-flag: 3.0.0
    dev: true

  /supports-color/7.2.0:
    resolution: {integrity: sha512-qpCAvRl9stuOHveKsn7HncJRvv501qIacKzQlO/+Lwxc9+0q2wLyv4Dfvt80/DPn2pqOBsJdDiogXGR9+OvwRw==}
    engines: {node: '>=8'}
    dependencies:
      has-flag: 4.0.0
    dev: true

  /supports-preserve-symlinks-flag/1.0.0:
    resolution: {integrity: sha512-ot0WnXS9fgdkgIcePe6RHNk1WA8+muPa6cSjeR3V8K27q9BB1rTE3R1p7Hv0z1ZyAc8s6Vvv8DIyWf681MAt0w==}
    engines: {node: '>= 0.4'}
    dev: true

  /ts-clone-node/0.3.30_typescript@4.6.3:
    resolution: {integrity: sha512-T9RLibxk0UBHelLUnSIZNyTxlPzcEk+KFFLXBUAG9YFJ3gPOYRrgD/RHnrlAxwEJ9Gq5S/iB8m3tcuTKtgf5Rw==}
    engines: {node: '>=10.0.0'}
    peerDependencies:
      typescript: ^3.x || ^4.x
    dependencies:
      compatfactory: 0.0.12_typescript@4.6.3
      typescript: 4.6.3
    dev: true

  /tslib/2.3.1:
    resolution: {integrity: sha512-77EbyPPpMz+FRFRuAFlWMtmgUWGe9UOG2Z25NqCwiIjRhOf5iKGuzSe5P2w1laq+FkRy4p+PCuVkJSGkzTEKVw==}
    dev: true

  /typescript/4.6.3:
    resolution: {integrity: sha512-yNIatDa5iaofVozS/uQJEl3JRWLKKGJKh6Yaiv0GLGSuhpFJe7P3SbHZ8/yjAHRQwKRoA6YZqlfjXWmVzoVSMw==}
    engines: {node: '>=4.2.0'}
    hasBin: true
    dev: true

  /ua-parser-js/1.0.2:
    resolution: {integrity: sha512-00y/AXhx0/SsnI51fTc0rLRmafiGOM4/O+ny10Ps7f+j/b8p/ZY11ytMgznXkOVo4GQ+KwQG5UQLkLGirsACRg==}
    dev: true

  /universalify/2.0.0:
    resolution: {integrity: sha512-hAZsKq7Yy11Zu1DE0OzWjw7nnLZmJZYTDZZyEFHZdUhV8FkH5MCfoU1XMaxXovpyW5nq5scPqq0ZDP9Zyl04oQ==}
    engines: {node: '>= 10.0.0'}
    dev: true

  /utility-types/3.10.0:
    resolution: {integrity: sha512-O11mqxmi7wMKCo6HKFt5AhO4BwY3VV68YU07tgxfz8zJTIxr4BpsezN49Ffwy9j3ZpwwJp4fkRwjRzq3uWE6Rg==}
    engines: {node: '>= 4'}
    dev: true
